
Microsoft Visual Studio Solution File, Format Version 12.00
# Visual Studio 15
VisualStudioVersion = 15.0.28010.2048
MinimumVisualStudioVersion = 10.0.40219.1
Project("{FAE04EC0-301F-11D3-BF4B-00C04F79EFBC}") = "Umut.Atmaca.LeetCode", "Umut.Atmaca.LeetCode\Umut.Atmaca.LeetCode.csproj", "{F0A983E9-754D-4D21-8172-B529B3707F82}"
EndProject
Project("{FAE04EC0-301F-11D3-BF4B-00C04F79EFBC}") = "Umut.Atmaca.LeetCode.UnitTest", "Umut.Atmaca.LeetCode.UnitTest\Umut.Atmaca.LeetCode.UnitTest.csproj", "{8BEC4398-FA81-46DA-9AB4-C5ADE3DDA7F2}"
EndProject
Global
	GlobalSection(SolutionConfigurationPlatforms) = preSolution
		Debug|Any CPU = Debug|Any CPU
		Release|Any CPU = Release|Any CPU
	EndGlobalSection
	GlobalSection(ProjectConfigurationPlatforms) = postSolution
		{F0A983E9-754D-4D21-8172-B529B3707F82}.Debug|Any CPU.ActiveCfg = Debug|Any CPU
		{F0A983E9-754D-4D21-8172-B529B3707F82}.Debug|Any CPU.Build.0 = Debug|Any CPU
		{F0A983E9-754D-4D21-8172-B529B3707F82}.Release|Any CPU.ActiveCfg = Release|Any CPU
		{F0A983E9-754D-4D21-8172-B529B3707F82}.Release|Any CPU.Build.0 = Release|Any CPU
		{8BEC4398-FA81-46DA-9AB4-C5ADE3DDA7F2}.Debug|Any CPU.ActiveCfg = Debug|Any CPU
		{8BEC4398-FA81-46DA-9AB4-C5ADE3DDA7F2}.Debug|Any CPU.Build.0 = Debug|Any CPU
		{8BEC4398-FA81-46DA-9AB4-C5ADE3DDA7F2}.Release|Any CPU.ActiveCfg = Release|Any CPU
		{8BEC4398-FA81-46DA-9AB4-C5ADE3DDA7F2}.Release|Any CPU.Build.0 = Release|Any CPU
	EndGlobalSection
	GlobalSection(SolutionProperties) = preSolution
		HideSolutionNode = FALSE
	EndGlobalSection
	GlobalSection(ExtensibilityGlobals) = postSolution
		SolutionGuid = {5A09BF91-7E18-4D42-9B88-F43F45714239}
	EndGlobalSection
EndGlobal
